// !$*UTF8*$!
{
	archiveVersion = 1;
	classes = {
	};
	objectVersion = 52;
	objects = {

/* Begin PBXBuildFile section */
		321AB153255049EA00CE3EFC /* MultiDatePickerAppApp.swift in Sources */ = {isa = PBXBuildFile; fileRef = 321AB152255049EA00CE3EFC /* MultiDatePickerAppApp.swift */; };
		321AB155255049EA00CE3EFC /* ContentView.swift in Sources */ = {isa = PBXBuildFile; fileRef = 321AB154255049EA00CE3EFC /* ContentView.swift */; };
		63CFDAF827AFF01F00229B73 /* MultiDatePicker in Frameworks */ = {isa = PBXBuildFile; productRef = 63CFDAF727AFF01F00229B73 /* MultiDatePicker */; };
/* End PBXBuildFile section */

/* Begin PBXFileReference section */
		321AB14F255049EA00CE3EFC /* MultiDatePickerApp.app */ = {isa = PBXFileReference; explicitFileType = wrapper.application; includeInIndex = 0; path = MultiDatePickerApp.app; sourceTree = BUILT_PRODUCTS_DIR; };
		321AB152255049EA00CE3EFC /* MultiDatePickerAppApp.swift */ = {isa = PBXFileReference; lastKnownFileType = sourcecode.swift; path = MultiDatePickerAppApp.swift; sourceTree = "<group>"; };
		321AB154255049EA00CE3EFC /* ContentView.swift */ = {isa = PBXFileReference; lastKnownFileType = sourcecode.swift; path = ContentView.swift; sourceTree = "<group>"; };
		321AB15B255049EA00CE3EFC /* Info.plist */ = {isa = PBXFileReference; lastKnownFileType = text.plist.xml; path = Info.plist; sourceTree = "<group>"; };
		63CFDAF927AFF0C300229B73 /* MultiDatePicker */ = {isa = PBXFileReference; lastKnownFileType = wrapper; name = MultiDatePicker; sourceTree = "<group>"; };
/* End PBXFileReference section */

/* Begin PBXFrameworksBuildPhase section */
		321AB14C255049EA00CE3EFC /* Frameworks */ = {
			isa = PBXFrameworksBuildPhase;
			buildActionMask = 2147483647;
			files = (
				63CFDAF827AFF01F00229B73 /* MultiDatePicker in Frameworks */,
			);
			runOnlyForDeploymentPostprocessing = 0;
		};
/* End PBXFrameworksBuildPhase section */

/* Begin PBXGroup section */
		321AB146255049E900CE3EFC = {
			isa = PBXGroup;
			children = (
				321AB151255049EA00CE3EFC /* MultiDatePickerApp */,
				63CFDAF427AFEFF600229B73 /* Packages */,
				321AB150255049EA00CE3EFC /* Products */,
				63CFDAF627AFF01F00229B73 /* Frameworks */,
			);
			sourceTree = "<group>";
		};
		321AB150255049EA00CE3EFC /* Products */ = {
			isa = PBXGroup;
			children = (
				321AB14F255049EA00CE3EFC /* MultiDatePickerApp.app */,
			);
			name = Products;
			sourceTree = "<group>";
		};
		321AB151255049EA00CE3EFC /* MultiDatePickerApp */ = {
			isa = PBXGroup;
			children = (
				321AB152255049EA00CE3EFC /* MultiDatePickerAppApp.swift */,
				321AB154255049EA00CE3EFC /* ContentView.swift */,
				321AB15B255049EA00CE3EFC /* Info.plist */,
			);
			path = MultiDatePickerApp;
			sourceTree = "<group>";
		};
		63CFDAF427AFEFF600229B73 /* Packages */ = {
			isa = PBXGroup;
			children = (
				63CFDAF927AFF0C300229B73 /* MultiDatePicker */,
			);
			name = Packages;
			sourceTree = "<group>";
		};
		63CFDAF627AFF01F00229B73 /* Frameworks */ = {
			isa = PBXGroup;
			children = (
			);
			name = Frameworks;
			sourceTree = "<group>";
		};
/* End PBXGroup section */

/* Begin PBXNativeTarget section */
		321AB14E255049EA00CE3EFC /* MultiDatePickerApp */ = {
			isa = PBXNativeTarget;
			buildConfigurationList = 321AB174255049EA00CE3EFC /* Build configuration list for PBXNativeTarget "MultiDatePickerApp" */;
			buildPhases = (
				321AB14B255049EA00CE3EFC /* Sources */,
				321AB14C255049EA00CE3EFC /* Frameworks */,
				321AB14D255049EA00CE3EFC /* Resources */,
			);
			buildRules = (
			);
			dependencies = (
			);
			name = MultiDatePickerApp;
			packageProductDependencies = (
				63CFDAF727AFF01F00229B73 /* MultiDatePicker */,
			);
			productName = MultiDatePickerApp;
			productReference = 321AB14F255049EA00CE3EFC /* MultiDatePickerApp.app */;
			productType = "com.apple.product-type.application";
		};
/* End PBXNativeTarget section */

/* Begin PBXProject section */
		321AB147255049E900CE3EFC /* Project object */ = {
			isa = PBXProject;
			attributes = {
				LastSwiftUpdateCheck = 1210;
				LastUpgradeCheck = 1210;
				TargetAttributes = {
					321AB14E255049EA00CE3EFC = {
						CreatedOnToolsVersion = 12.1;
					};
				};
			};
			buildConfigurationList = 321AB14A255049E900CE3EFC /* Build configuration list for PBXProject "MultiDatePickerApp" */;
			compatibilityVersion = "Xcode 9.3";
			developmentRegion = en;
			hasScannedForEncodings = 0;
			knownRegions = (
				en,
				Base,
			);
			mainGroup = 321AB146255049E900CE3EFC;
			productRefGroup = 321AB150255049EA00CE3EFC /* Products */;
			projectDirPath = "";
			projectRoot = "";
			targets = (
				321AB14E255049EA00CE3EFC /* MultiDatePickerApp */,
			);
		};
/* End PBXProject section */

/* Begin PBXResourcesBuildPhase section */
		321AB14D255049EA00CE3EFC /* Resources */ = {
			isa = PBXResourcesBuildPhase;
			buildActionMask = 2147483647;
			files = (
			);
			runOnlyForDeploymentPostprocessing = 0;
		};
/* End PBXResourcesBuildPhase section */

/* Begin PBXSourcesBuildPhase section */
		321AB14B255049EA00CE3EFC /* Sources */ = {
			isa = PBXSourcesBuildPhase;
			buildActionMask = 2147483647;
			files = (
				321AB155255049EA00CE3EFC /* ContentView.swift in Sources */,
				321AB153255049EA00CE3EFC /* MultiDatePickerAppApp.swift in Sources */,
			);
			runOnlyForDeploymentPostprocessing = 0;
		};
/* End PBXSourcesBuildPhase section */

/* Begin XCBuildConfiguration section */
		321AB172255049EA00CE3EFC /* Debug */ = {
			isa = XCBuildConfiguration;
			buildSettings = {
				ALWAYS_SEARCH_USER_PATHS = NO;
				CLANG_ANALYZER_NONNULL = YES;
				CLANG_ANALYZER_NUMBER_OBJECT_CONVERSION = YES_AGGRESSIVE;
				CLANG_CXX_LANGUAGE_STANDARD = "gnu++14";
				CLANG_CXX_LIBRARY = "libc++";
				CLANG_ENABLE_MODULES = YES;
				CLANG_ENABLE_OBJC_ARC = YES;
				CLANG_ENABLE_OBJC_WEAK = YES;
				CLANG_WARN_BLOCK_CAPTURE_AUTORELEASING = YES;
				CLANG_WARN_BOOL_CONVERSION = YES;
				CLANG_WARN_COMMA = YES;
				CLANG_WARN_CONSTANT_CONVERSION = YES;
				CLANG_WARN_DEPRECATED_OBJC_IMPLEMENTATIONS = YES;
				CLANG_WARN_DIRECT_OBJC_ISA_USAGE = YES_ERROR;
				CLANG_WARN_DOCUMENTATION_COMMENTS = YES;
				CLANG_WARN_EMPTY_BODY = YES;
				CLANG_WARN_ENUM_CONVERSION = YES;
				CLANG_WARN_INFINITE_RECURSION = YES;
				CLANG_WARN_INT_CONVERSION = YES;
				CLANG_WARN_NON_LITERAL_NULL_CONVERSION = YES;
				CLANG_WARN_OBJC_IMPLICIT_RETAIN_SELF = YES;
				CLANG_WARN_OBJC_LITERAL_CONVERSION = YES;
				CLANG_WARN_OBJC_ROOT_CLASS = YES_ERROR;
				CLANG_WARN_QUOTED_INCLUDE_IN_FRAMEWORK_HEADER = YES;
				CLANG_WARN_RANGE_LOOP_ANALYSIS = YES;
				CLANG_WARN_STRICT_PROTOTYPES = YES;
				CLANG_WARN_SUSPICIOUS_MOVE = YES;
				CLANG_WARN_UNGUARDED_AVAILABILITY = YES_AGGRESSIVE;
				CLANG_WARN_UNREACHABLE_CODE = YES;
				CLANG_WARN__DUPLICATE_METHOD_MATCH = YES;
				COPY_PHASE_STRIP = NO;
				DEBUG_INFORMATION_FORMAT = dwarf;
				ENABLE_STRICT_OBJC_MSGSEND = YES;
				ENABLE_TESTABILITY = YES;
				GCC_C_LANGUAGE_STANDARD = gnu11;
				GCC_DYNAMIC_NO_PIC = NO;
				GCC_NO_COMMON_BLOCKS = YES;
				GCC_OPTIMIZATION_LEVEL = 0;
				GCC_PREPROCESSOR_DEFINITIONS = (
					"DEBUG=1",
					"$(inherited)",
				);
				GCC_WARN_64_TO_32_BIT_CONVERSION = YES;
				GCC_WARN_ABOUT_RETURN_TYPE = YES_ERROR;
				GCC_WARN_UNDECLARED_SELECTOR = YES;
				GCC_WARN_UNINITIALIZED_AUTOS = YES_AGGRESSIVE;
				GCC_WARN_UNUSED_FUNCTION = YES;
				GCC_WARN_UNUSED_VARIABLE = YES;
				IPHONEOS_DEPLOYMENT_TARGET = 14.1;
				MTL_ENABLE_DEBUG_INFO = INCLUDE_SOURCE;
				MTL_FAST_MATH = YES;
				ONLY_ACTIVE_ARCH = YES;
				SDKROOT = iphoneos;
				SWIFT_ACTIVE_COMPILATION_CONDITIONS = DEBUG;
				SWIFT_OPTIMIZATION_LEVEL = "-Onone";
			};
			name = Debug;
		};
		321AB173255049EA00CE3EFC /* Release */ = {
			isa = XCBuildConfiguration;
			buildSettings = {
				ALWAYS_SEARCH_USER_PATHS = NO;
				CLANG_ANALYZER_NONNULL = YES;
				CLANG_ANALYZER_NUMBER_OBJECT_CONVERSION = YES_AGGRESSIVE;
				CLANG_CXX_LANGUAGE_STANDARD = "gnu++14";
				CLANG_CXX_LIBRARY = "libc++";
				CLANG_ENABLE_MODULES = YES;
				CLANG_ENABLE_OBJC_ARC = YES;
				CLANG_ENABLE_OBJC_WEAK = YES;
				CLANG_WARN_BLOCK_CAPTURE_AUTORELEASING = YES;
				CLANG_WARN_BOOL_CONVERSION = YES;
				CLANG_WARN_COMMA = YES;
				CLANG_WARN_CONSTANT_CONVERSION = YES;
				CLANG_WARN_DEPRECATED_OBJC_IMPLEMENTATIONS = YES;
				CLANG_WARN_DIRECT_OBJC_ISA_USAGE = YES_ERROR;
				CLANG_WARN_DOCUMENTATION_COMMENTS = YES;
				CLANG_WARN_EMPTY_BODY = YES;
				CLANG_WARN_ENUM_CONVERSION = YES;
				CLANG_WARN_INFINITE_RECURSION = YES;
				CLANG_WARN_INT_CONVERSION = YES;
				CLANG_WARN_NON_LITERAL_NULL_CONVERSION = YES;
				CLANG_WARN_OBJC_IMPLICIT_RETAIN_SELF = YES;
				CLANG_WARN_OBJC_LITERAL_CONVERSION = YES;
				CLANG_WARN_OBJC_ROOT_CLASS = YES_ERROR;
				CLANG_WARN_QUOTED_INCLUDE_IN_FRAMEWORK_HEADER = YES;
				CLANG_WARN_RANGE_LOOP_ANALYSIS = YES;
				CLANG_WARN_STRICT_PROTOTYPES = YES;
				CLANG_WARN_SUSPICIOUS_MOVE = YES;
				CLANG_WARN_UNGUARDED_AVAILABILITY = YES_AGGRESSIVE;
				CLANG_WARN_UNREACHABLE_CODE = YES;
				CLANG_WARN__DUPLICATE_METHOD_MATCH = YES;
				COPY_PHASE_STRIP = NO;
				DEBUG_INFORMATION_FORMAT = "dwarf-with-dsym";
				ENABLE_NS_ASSERTIONS = NO;
				ENABLE_STRICT_OBJC_MSGSEND = YES;
				GCC_C_LANGUAGE_STANDARD = gnu11;
				GCC_NO_COMMON_BLOCKS = YES;
				GCC_WARN_64_TO_32_BIT_CONVERSION = YES;
				GCC_WARN_ABOUT_RETURN_TYPE = YES_ERROR;
				GCC_WARN_UNDECLARED_SELECTOR = YES;
				GCC_WARN_UNINITIALIZED_AUTOS = YES_AGGRESSIVE;
				GCC_WARN_UNUSED_FUNCTION = YES;
				GCC_WARN_UNUSED_VARIABLE = YES;
				IPHONEOS_DEPLOYMENT_TARGET = 14.1;
				MTL_ENABLE_DEBUG_INFO = NO;
				MTL_FAST_MATH = YES;
				SDKROOT = iphoneos;
				SWIFT_COMPILATION_MODE = wholemodule;
				SWIFT_OPTIMIZATION_LEVEL = "-O";
				VALIDATE_PRODUCT = YES;
			};
			name = Release;
		};
		321AB175255049EA00CE3EFC /* Debug */ = {
			isa = XCBuildConfiguration;
			buildSettings = {
				ASSETCATALOG_COMPILER_APPICON_NAME = AppIcon;
				ASSETCATALOG_COMPILER_GLOBAL_ACCENT_COLOR_NAME = AccentColor;
				CODE_SIGN_STYLE = Automatic;
				DEVELOPMENT_TEAM = DF5H9M9376;
				ENABLE_PREVIEWS = YES;
				INFOPLIST_FILE = MultiDatePickerApp/Info.plist;
				IPHONEOS_DEPLOYMENT_TARGET = 14.0;
				LD_RUNPATH_SEARCH_PATHS = (
					"$(inherited)",
					"@executable_path/Frameworks",
				);
				PRODUCT_BUNDLE_IDENTIFIER = com.keaura.MultiDatePickerApp;
				PRODUCT_NAME = "$(TARGET_NAME)";
				SWIFT_VERSION = 5.0;
				TARGETED_DEVICE_FAMILY = "1,2";
			};
			name = Debug;
		};
		321AB176255049EA00CE3EFC /* Release */ = {
			isa = XCBuildConfiguration;
			buildSettings = {
				ASSETCATALOG_COMPILER_APPICON_NAME = AppIcon;
				ASSETCATALOG_COMPILER_GLOBAL_ACCENT_COLOR_NAME = AccentColor;
				CODE_SIGN_STYLE = Automatic;
				DEVELOPMENT_TEAM = DF5H9M9376;
				ENABLE_PREVIEWS = YES;
				INFOPLIST_FILE = MultiDatePickerApp/Info.plist;
				IPHONEOS_DEPLOYMENT_TARGET = 14.0;
				LD_RUNPATH_SEARCH_PATHS = (
					"$(inherited)",
					"@executable_path/Frameworks",
				);
				PRODUCT_BUNDLE_IDENTIFIER = com.keaura.MultiDatePickerApp;
				PRODUCT_NAME = "$(TARGET_NAME)";
				SWIFT_VERSION = 5.0;
				TARGETED_DEVICE_FAMILY = "1,2";
			};
			name = Release;
		};
/* End XCBuildConfiguration section */

/* Begin XCConfigurationList section */
		321AB14A255049E900CE3EFC /* Build configuration list for PBXProject "MultiDatePickerApp" */ = {
			isa = XCConfigurationList;
			buildConfigurations = (
				321AB172255049EA00CE3EFC /* Debug */,
				321AB173255049EA00CE3EFC /* Release */,
			);
			defaultConfigurationIsVisible = 0;
			defaultConfigurationName = Release;
		};
		321AB174255049EA00CE3EFC /* Build configuration list for PBXNativeTarget "MultiDatePickerApp" */ = {
			isa = XCConfigurationList;
			buildConfigurations = (
				321AB175255049EA00CE3EFC /* Debug */,
				321AB176255049EA00CE3EFC /* Release */,
			);
			defaultConfigurationIsVisible = 0;
			defaultConfigurationName = Release;
		};
/* End XCConfigurationList section */

/* Begin XCSwiftPackageProductDependency section */
		63CFDAF727AFF01F00229B73 /* MultiDatePicker */ = {
			isa = XCSwiftPackageProductDependency;
			productName = MultiDatePicker;
		};
/* End XCSwiftPackageProductDependency section */
	};
	rootObject = 321AB147255049E900CE3EFC /* Project object */;
}
